
Microsoft Visual Studio Solution File, Format Version 12.00
# Visual Studio Version 17
VisualStudioVersion = 17.14.36408.4 d17.14
MinimumVisualStudioVersion = 10.0.40219.1
Project("{FAE04EC0-301F-11D3-BF4B-00C04F79EFBC}") = "ThucHanh7", "ThucHanh7\ThucHanh7.csproj", "{C02DC622-D6EF-4B3E-8C69-CC82C1F1025C}"
EndProject
Project("{FAE04EC0-301F-11D3-BF4B-00C04F79EFBC}") = "ThucHanh7_NoParam", "ThucHanh7_NoParam\ThucHanh7_NoParam.csproj", "{F9EB1C70-F01C-4745-B7A7-FE6730458A6A}"
EndProject
Global
	GlobalSection(SolutionConfigurationPlatforms) = preSolution
		Debug|Any CPU = Debug|Any CPU
		Release|Any CPU = Release|Any CPU
	EndGlobalSection
	GlobalSection(ProjectConfigurationPlatforms) = postSolution
		{C02DC622-D6EF-4B3E-8C69-CC82C1F1025C}.Debug|Any CPU.ActiveCfg = Debug|Any CPU
		{C02DC622-D6EF-4B3E-8C69-CC82C1F1025C}.Debug|Any CPU.Build.0 = Debug|Any CPU
		{C02DC622-D6EF-4B3E-8C69-CC82C1F1025C}.Release|Any CPU.ActiveCfg = Release|Any CPU
		{C02DC622-D6EF-4B3E-8C69-CC82C1F1025C}.Release|Any CPU.Build.0 = Release|Any CPU
		{F9EB1C70-F01C-4745-B7A7-FE6730458A6A}.Debug|Any CPU.ActiveCfg = Debug|Any CPU
		{F9EB1C70-F01C-4745-B7A7-FE6730458A6A}.Debug|Any CPU.Build.0 = Debug|Any CPU
		{F9EB1C70-F01C-4745-B7A7-FE6730458A6A}.Release|Any CPU.ActiveCfg = Release|Any CPU
		{F9EB1C70-F01C-4745-B7A7-FE6730458A6A}.Release|Any CPU.Build.0 = Release|Any CPU
	EndGlobalSection
	GlobalSection(SolutionProperties) = preSolution
		HideSolutionNode = FALSE
	EndGlobalSection
	GlobalSection(ExtensibilityGlobals) = postSolution
		SolutionGuid = {4AFC179F-4E9F-47CC-BF75-3479DAF21C0B}
	EndGlobalSection
EndGlobal
